{
  "name": "edconnect-weekly",
  "lockfileVersion": 2,
  "requires": true,
  "packages": {
    "": {
      "dependencies": {
        "@fortawesome/free-regular-svg-icons": "^6.0.0-beta2",
        "@fortawesome/free-solid-svg-icons": "^6.0.0-beta2",
        "axios": "^0.21.4",
        "mongoose-paginate": "^5.0.3"
      }
    },
    "node_modules/@fortawesome/fontawesome-common-types": {
      "version": "0.3.0-beta2",
      "resolved": "https://registry.npmjs.org/@fortawesome/fontawesome-common-types/-/fontawesome-common-types-0.3.0-beta2.tgz",
      "integrity": "sha512-YrWMMGRhJ/iEwlP86AuW/uYGIZSwbVrpLQzB2JiWIGMTPCBhWLvurdSgckPJl5ry1fUNzWH4QNtgTf5rpdhCgg==",
      "hasInstallScript": true,
      "engines": {
        "node": ">=6"
      }
    },
    "node_modules/@fortawesome/free-regular-svg-icons": {
      "version": "6.0.0-beta2",
      "resolved": "https://registry.npmjs.org/@fortawesome/free-regular-svg-icons/-/free-regular-svg-icons-6.0.0-beta2.tgz",
      "integrity": "sha512-MV2T0WRunzT0aqXJOs/OLeWoY/20W/vp9w2Em4UWaYpIucOIjzxWODVkc7uz2sP7tL3jNV2n5d0kwbftLyizjg==",
      "hasInstallScript": true,
      "dependencies": {
        "@fortawesome/fontawesome-common-types": "^0.3.0-beta2"
      },
      "engines": {
        "node": ">=6"
      }
    },
    "node_modules/@fortawesome/free-solid-svg-icons": {
      "version": "6.0.0-beta2",
      "resolved": "https://registry.npmjs.org/@fortawesome/free-solid-svg-icons/-/free-solid-svg-icons-6.0.0-beta2.tgz",
      "integrity": "sha512-xOWg5eRLuaiLKctI9rt94llZhMRn8C23jTkSxywfy2Tyy3ggtVL/ocW7KUk0IbCgWfZSy+EMsGF2ZxxWs2Mhpw==",
      "hasInstallScript": true,
      "dependencies": {
        "@fortawesome/fontawesome-common-types": "^0.3.0-beta2"
      },
      "engines": {
        "node": ">=6"
      }
    },
    "node_modules/axios": {
      "version": "0.21.4",
      "resolved": "https://registry.npmjs.org/axios/-/axios-0.21.4.tgz",
      "integrity": "sha512-ut5vewkiu8jjGBdqpM44XxjuCjq9LAKeHVmoVfHVzy8eHgxxq8SbAVQNovDA8mVi05kP0Ea/n/UzcSHcTJQfNg==",
      "dependencies": {
        "follow-redirects": "^1.14.0"
      }
    },
    "node_modules/bluebird": {
      "version": "3.0.5",
      "resolved": "https://registry.npmjs.org/bluebird/-/bluebird-3.0.5.tgz",
      "integrity": "sha1-L/nQfJs+2ynW0oD+B1KDZefs05I="
    },
    "node_modules/follow-redirects": {
      "version": "1.14.4",
      "resolved": "https://registry.npmjs.org/follow-redirects/-/follow-redirects-1.14.4.tgz",
      "integrity": "sha512-zwGkiSXC1MUJG/qmeIFH2HBJx9u0V46QGUe3YR1fXG8bXQxq7fLj0RjLZQ5nubr9qNJUZrH+xUcwXEoXNpfS+g==",
      "funding": [
        {
          "type": "individual",
          "url": "https://github.com/sponsors/RubenVerborgh"
        }
      ],
      "engines": {
        "node": ">=4.0"
      },
      "peerDependenciesMeta": {
        "debug": {
          "optional": true
        }
      }
    },
    "node_modules/mongoose-paginate": {
      "version": "5.0.3",
      "resolved": "https://registry.npmjs.org/mongoose-paginate/-/mongoose-paginate-5.0.3.tgz",
      "integrity": "sha1-165J7Vv2Tx9692IOqGW2cFjFU3E=",
      "dependencies": {
        "bluebird": "3.0.5"
      },
      "engines": {
        "node": ">=4.0.0"
      }
    }
  },
  "dependencies": {
    "@fortawesome/fontawesome-common-types": {
      "version": "0.3.0-beta2",
      "resolved": "https://registry.npmjs.org/@fortawesome/fontawesome-common-types/-/fontawesome-common-types-0.3.0-beta2.tgz",
      "integrity": "sha512-YrWMMGRhJ/iEwlP86AuW/uYGIZSwbVrpLQzB2JiWIGMTPCBhWLvurdSgckPJl5ry1fUNzWH4QNtgTf5rpdhCgg=="
    },
    "@fortawesome/free-regular-svg-icons": {
      "version": "6.0.0-beta2",
      "resolved": "https://registry.npmjs.org/@fortawesome/free-regular-svg-icons/-/free-regular-svg-icons-6.0.0-beta2.tgz",
      "integrity": "sha512-MV2T0WRunzT0aqXJOs/OLeWoY/20W/vp9w2Em4UWaYpIucOIjzxWODVkc7uz2sP7tL3jNV2n5d0kwbftLyizjg==",
      "requires": {
        "@fortawesome/fontawesome-common-types": "^0.3.0-beta2"
      }
    },
    "@fortawesome/free-solid-svg-icons": {
      "version": "6.0.0-beta2",
      "resolved": "https://registry.npmjs.org/@fortawesome/free-solid-svg-icons/-/free-solid-svg-icons-6.0.0-beta2.tgz",
      "integrity": "sha512-xOWg5eRLuaiLKctI9rt94llZhMRn8C23jTkSxywfy2Tyy3ggtVL/ocW7KUk0IbCgWfZSy+EMsGF2ZxxWs2Mhpw==",
      "requires": {
        "@fortawesome/fontawesome-common-types": "^0.3.0-beta2"
      }
    },
    "axios": {
      "version": "0.21.4",
      "resolved": "https://registry.npmjs.org/axios/-/axios-0.21.4.tgz",
      "integrity": "sha512-ut5vewkiu8jjGBdqpM44XxjuCjq9LAKeHVmoVfHVzy8eHgxxq8SbAVQNovDA8mVi05kP0Ea/n/UzcSHcTJQfNg==",
      "requires": {
        "follow-redirects": "^1.14.0"
      }
    },
    "bluebird": {
      "version": "3.0.5",
      "resolved": "https://registry.npmjs.org/bluebird/-/bluebird-3.0.5.tgz",
      "integrity": "sha1-L/nQfJs+2ynW0oD+B1KDZefs05I="
    },
    "follow-redirects": {
      "version": "1.14.4",
      "resolved": "https://registry.npmjs.org/follow-redirects/-/follow-redirects-1.14.4.tgz",
      "integrity": "sha512-zwGkiSXC1MUJG/qmeIFH2HBJx9u0V46QGUe3YR1fXG8bXQxq7fLj0RjLZQ5nubr9qNJUZrH+xUcwXEoXNpfS+g=="
    },
    "mongoose-paginate": {
      "version": "5.0.3",
      "resolved": "https://registry.npmjs.org/mongoose-paginate/-/mongoose-paginate-5.0.3.tgz",
      "integrity": "sha1-165J7Vv2Tx9692IOqGW2cFjFU3E=",
      "requires": {
        "bluebird": "3.0.5"
      }
    }
  }
}
